
Microsoft Visual Studio Solution File, Format Version 12.00
# Visual Studio Version 17
VisualStudioVersion = 17.14.36616.10 d17.14
MinimumVisualStudioVersion = 10.0.40219.1
Project("{FAE04EC0-301F-11D3-BF4B-00C04F79EFBC}") = "webResfulAPIs", "webResfulAPIs.csproj", "{BD605A5A-3510-48BC-B030-DF7C8F08FD1B}"
EndProject
Global
	GlobalSection(SolutionConfigurationPlatforms) = preSolution
		Debug|Any CPU = Debug|Any CPU
		Release|Any CPU = Release|Any CPU
	EndGlobalSection
	GlobalSection(ProjectConfigurationPlatforms) = postSolution
		{BD605A5A-3510-48BC-B030-DF7C8F08FD1B}.Debug|Any CPU.ActiveCfg = Debug|Any CPU
		{BD605A5A-3510-48BC-B030-DF7C8F08FD1B}.Debug|Any CPU.Build.0 = Debug|Any CPU
		{BD605A5A-3510-48BC-B030-DF7C8F08FD1B}.Release|Any CPU.ActiveCfg = Release|Any CPU
		{BD605A5A-3510-48BC-B030-DF7C8F08FD1B}.Release|Any CPU.Build.0 = Release|Any CPU
	EndGlobalSection
	GlobalSection(SolutionProperties) = preSolution
		HideSolutionNode = FALSE
	EndGlobalSection
	GlobalSection(ExtensibilityGlobals) = postSolution
		SolutionGuid = {A62CE876-9B9A-4891-A482-6AD1C9BE7B9A}
	EndGlobalSection
EndGlobal
